
Microsoft Visual Studio Solution File, Format Version 12.00
# Visual Studio Version 16
VisualStudioVersion = 16.0.30717.126
MinimumVisualStudioVersion = 10.0.40219.1
Project("{FAE04EC0-301F-11D3-BF4B-00C04F79EFBC}") = "Clicker", "Clicker\Clicker.csproj", "{C677FCBC-EDC2-45D2-A7C4-59E1A006F604}"
EndProject
Global
	GlobalSection(SolutionConfigurationPlatforms) = preSolution
		Debug|Any CPU = Debug|Any CPU
		Release|Any CPU = Release|Any CPU
	EndGlobalSection
	GlobalSection(ProjectConfigurationPlatforms) = postSolution
		{C677FCBC-EDC2-45D2-A7C4-59E1A006F604}.Debug|Any CPU.ActiveCfg = Debug|Any CPU
		{C677FCBC-EDC2-45D2-A7C4-59E1A006F604}.Debug|Any CPU.Build.0 = Debug|Any CPU
		{C677FCBC-EDC2-45D2-A7C4-59E1A006F604}.Release|Any CPU.ActiveCfg = Release|Any CPU
		{C677FCBC-EDC2-45D2-A7C4-59E1A006F604}.Release|Any CPU.Build.0 = Release|Any CPU
	EndGlobalSection
	GlobalSection(SolutionProperties) = preSolution
		HideSolutionNode = FALSE
	EndGlobalSection
	GlobalSection(ExtensibilityGlobals) = postSolution
		SolutionGuid = {A8527287-83F6-4DA7-A356-B3B7B8FA8CF9}
	EndGlobalSection
EndGlobal
